
Microsoft Visual Studio Solution File, Format Version 12.00
# Visual Studio Version 16
VisualStudioVersion = 16.0.29519.181
MinimumVisualStudioVersion = 10.0.40219.1
Project("{FAE04EC0-301F-11D3-BF4B-00C04F79EFBC}") = "LexerLib", "LexerLib\LexerLib.csproj", "{8BA1F09C-69D8-455D-B3E4-4414E5790D39}"
EndProject
Project("{FAE04EC0-301F-11D3-BF4B-00C04F79EFBC}") = "LexerLib.UnitTest", "LexerLib.UnitTest\LexerLib.UnitTest.csproj", "{6CCCDB42-50FB-4FCB-AFDF-FE69B626CDDF}"
EndProject
Global
	GlobalSection(SolutionConfigurationPlatforms) = preSolution
		Debug|Any CPU = Debug|Any CPU
		Release|Any CPU = Release|Any CPU
	EndGlobalSection
	GlobalSection(ProjectConfigurationPlatforms) = postSolution
		{8BA1F09C-69D8-455D-B3E4-4414E5790D39}.Debug|Any CPU.ActiveCfg = Debug|Any CPU
		{8BA1F09C-69D8-455D-B3E4-4414E5790D39}.Debug|Any CPU.Build.0 = Debug|Any CPU
		{8BA1F09C-69D8-455D-B3E4-4414E5790D39}.Release|Any CPU.ActiveCfg = Release|Any CPU
		{8BA1F09C-69D8-455D-B3E4-4414E5790D39}.Release|Any CPU.Build.0 = Release|Any CPU
		{6CCCDB42-50FB-4FCB-AFDF-FE69B626CDDF}.Debug|Any CPU.ActiveCfg = Debug|Any CPU
		{6CCCDB42-50FB-4FCB-AFDF-FE69B626CDDF}.Debug|Any CPU.Build.0 = Debug|Any CPU
		{6CCCDB42-50FB-4FCB-AFDF-FE69B626CDDF}.Release|Any CPU.ActiveCfg = Release|Any CPU
		{6CCCDB42-50FB-4FCB-AFDF-FE69B626CDDF}.Release|Any CPU.Build.0 = Release|Any CPU
	EndGlobalSection
	GlobalSection(SolutionProperties) = preSolution
		HideSolutionNode = FALSE
	EndGlobalSection
	GlobalSection(ExtensibilityGlobals) = postSolution
		SolutionGuid = {E05EFF16-55FA-489B-B063-3C1856911D8F}
	EndGlobalSection
EndGlobal
